
Microsoft Visual Studio Solution File, Format Version 12.00
# Visual Studio Version 18
VisualStudioVersion = 18.3.11222.16 d18.3
MinimumVisualStudioVersion = 10.0.40219.1
Project("{9A19103F-16F7-4668-BE54-9A1E7A4F7556}") = "InquirySpark.Repository", "InquirySpark.Repository\InquirySpark.Repository.csproj", "{D2342D36-FED4-430E-941D-D19289F02850}"
EndProject
Project("{9A19103F-16F7-4668-BE54-9A1E7A4F7556}") = "InquirySpark.Common", "InquirySpark.Common\InquirySpark.Common.csproj", "{AE1EB409-F98C-461A-8561-E85A4528E0D3}"
EndProject
Project("{9A19103F-16F7-4668-BE54-9A1E7A4F7556}") = "InquirySpark.Common.Tests", "InquirySpark.Common.Tests\InquirySpark.Common.Tests.csproj", "{9E18665A-83ED-4A9E-A2E3-0BF6A6E0E677}"
EndProject
Project("{9A19103F-16F7-4668-BE54-9A1E7A4F7556}") = "InquirySpark.Admin", "InquirySpark.Admin\InquirySpark.Admin.csproj", "{085D9851-67D1-41D8-B414-76F533913BDF}"
EndProject
Global
	GlobalSection(SolutionConfigurationPlatforms) = preSolution
		Debug|Any CPU = Debug|Any CPU
		Release|Any CPU = Release|Any CPU
	EndGlobalSection
	GlobalSection(ProjectConfigurationPlatforms) = postSolution
		{D2342D36-FED4-430E-941D-D19289F02850}.Debug|Any CPU.ActiveCfg = Debug|Any CPU
		{D2342D36-FED4-430E-941D-D19289F02850}.Debug|Any CPU.Build.0 = Debug|Any CPU
		{D2342D36-FED4-430E-941D-D19289F02850}.Release|Any CPU.ActiveCfg = Release|Any CPU
		{D2342D36-FED4-430E-941D-D19289F02850}.Release|Any CPU.Build.0 = Release|Any CPU
		{AE1EB409-F98C-461A-8561-E85A4528E0D3}.Debug|Any CPU.ActiveCfg = Debug|Any CPU
		{AE1EB409-F98C-461A-8561-E85A4528E0D3}.Debug|Any CPU.Build.0 = Debug|Any CPU
		{AE1EB409-F98C-461A-8561-E85A4528E0D3}.Release|Any CPU.ActiveCfg = Release|Any CPU
		{AE1EB409-F98C-461A-8561-E85A4528E0D3}.Release|Any CPU.Build.0 = Release|Any CPU
		{9E18665A-83ED-4A9E-A2E3-0BF6A6E0E677}.Debug|Any CPU.ActiveCfg = Debug|Any CPU
		{9E18665A-83ED-4A9E-A2E3-0BF6A6E0E677}.Debug|Any CPU.Build.0 = Debug|Any CPU
		{9E18665A-83ED-4A9E-A2E3-0BF6A6E0E677}.Release|Any CPU.ActiveCfg = Release|Any CPU
		{9E18665A-83ED-4A9E-A2E3-0BF6A6E0E677}.Release|Any CPU.Build.0 = Release|Any CPU
		{085D9851-67D1-41D8-B414-76F533913BDF}.Debug|Any CPU.ActiveCfg = Debug|Any CPU
		{085D9851-67D1-41D8-B414-76F533913BDF}.Debug|Any CPU.Build.0 = Debug|Any CPU
		{085D9851-67D1-41D8-B414-76F533913BDF}.Release|Any CPU.ActiveCfg = Release|Any CPU
		{085D9851-67D1-41D8-B414-76F533913BDF}.Release|Any CPU.Build.0 = Release|Any CPU
	EndGlobalSection
	GlobalSection(SolutionProperties) = preSolution
		HideSolutionNode = FALSE
	EndGlobalSection
	GlobalSection(ExtensibilityGlobals) = postSolution
		SolutionGuid = {92F68D2E-48A2-484E-8816-5978AC631207}
	EndGlobalSection
EndGlobal
